
Microsoft Visual Studio Solution File, Format Version 12.00
# Visual Studio 14
VisualStudioVersion = 14.0.23107.0
MinimumVisualStudioVersion = 10.0.40219.1
Project("{8BC9CEB8-8B4A-11D0-8D11-00A0C91BC942}") = "JPEGCompressor", "JPEGCompressor\JPEGCompressor.vcxproj", "{59D9AAB1-E5DA-4CEE-BEA9-24640C4C0FF2}"
EndProject
Project("{8BC9CEB8-8B4A-11D0-8D11-00A0C91BC942}") = "JPEGCompressorInterface", "JPEGCompressorInterface\JPEGCompressorInterface.vcxproj", "{32611468-E25F-40EC-BFD8-38FACCA0F7CD}"
	ProjectSection(ProjectDependencies) = postProject
		{59D9AAB1-E5DA-4CEE-BEA9-24640C4C0FF2} = {59D9AAB1-E5DA-4CEE-BEA9-24640C4C0FF2}
	EndProjectSection
EndProject
Global
	GlobalSection(SolutionConfigurationPlatforms) = preSolution
		Debug|x64 = Debug|x64
		Debug|x86 = Debug|x86
		Release|x64 = Release|x64
		Release|x86 = Release|x86
	EndGlobalSection
	GlobalSection(ProjectConfigurationPlatforms) = postSolution
		{59D9AAB1-E5DA-4CEE-BEA9-24640C4C0FF2}.Debug|x64.ActiveCfg = Debug|x64
		{59D9AAB1-E5DA-4CEE-BEA9-24640C4C0FF2}.Debug|x64.Build.0 = Debug|x64
		{59D9AAB1-E5DA-4CEE-BEA9-24640C4C0FF2}.Debug|x86.ActiveCfg = Debug|Win32
		{59D9AAB1-E5DA-4CEE-BEA9-24640C4C0FF2}.Debug|x86.Build.0 = Debug|Win32
		{59D9AAB1-E5DA-4CEE-BEA9-24640C4C0FF2}.Release|x64.ActiveCfg = Release|x64
		{59D9AAB1-E5DA-4CEE-BEA9-24640C4C0FF2}.Release|x64.Build.0 = Release|x64
		{59D9AAB1-E5DA-4CEE-BEA9-24640C4C0FF2}.Release|x86.ActiveCfg = Release|Win32
		{59D9AAB1-E5DA-4CEE-BEA9-24640C4C0FF2}.Release|x86.Build.0 = Release|Win32
		{32611468-E25F-40EC-BFD8-38FACCA0F7CD}.Debug|x64.ActiveCfg = Debug|x64
		{32611468-E25F-40EC-BFD8-38FACCA0F7CD}.Debug|x64.Build.0 = Debug|x64
		{32611468-E25F-40EC-BFD8-38FACCA0F7CD}.Debug|x86.ActiveCfg = Debug|Win32
		{32611468-E25F-40EC-BFD8-38FACCA0F7CD}.Debug|x86.Build.0 = Debug|Win32
		{32611468-E25F-40EC-BFD8-38FACCA0F7CD}.Release|x64.ActiveCfg = Release|x64
		{32611468-E25F-40EC-BFD8-38FACCA0F7CD}.Release|x64.Build.0 = Release|x64
		{32611468-E25F-40EC-BFD8-38FACCA0F7CD}.Release|x86.ActiveCfg = Release|Win32
		{32611468-E25F-40EC-BFD8-38FACCA0F7CD}.Release|x86.Build.0 = Release|Win32
	EndGlobalSection
	GlobalSection(SolutionProperties) = preSolution
		HideSolutionNode = FALSE
	EndGlobalSection
EndGlobal
