
Microsoft Visual Studio Solution File, Format Version 12.00
# Visual Studio 14
VisualStudioVersion = 14.0.23107.0
MinimumVisualStudioVersion = 10.0.40219.1
Project("{2150E333-8FDC-42A3-9474-1A3956D46DE8}") = "libjc", "libjc", "{C2DE9FF1-0ADB-4960-9CA3-5CF8A323DAE8}"
EndProject
Project("{8BC9CEB8-8B4A-11D0-8D11-00A0C91BC942}") = "jc-finder", "libjc\jc-finder\jc-finder.vcxproj", "{5B86BD25-39BC-496B-A6BC-4351C9B789B1}"
EndProject
Project("{8BC9CEB8-8B4A-11D0-8D11-00A0C91BC942}") = "jc-decoder", "libjc\jc-decoder\jc-decoder.vcxproj", "{25D5A83B-B804-4DB0-BB39-F35900980DAC}"
	ProjectSection(ProjectDependencies) = postProject
		{5B86BD25-39BC-496B-A6BC-4351C9B789B1} = {5B86BD25-39BC-496B-A6BC-4351C9B789B1}
	EndProjectSection
EndProject
Project("{8BC9CEB8-8B4A-11D0-8D11-00A0C91BC942}") = "jc-encoder", "libjc\jc-encoder\jc-encoder.vcxproj", "{8F81A1B8-30EC-4F17-B656-2F10CBDD4AFD}"
EndProject
Project("{2150E333-8FDC-42A3-9474-1A3956D46DE8}") = "shipper", "shipper", "{D7F1C48C-7FE5-4FFE-8914-AACB6D38F268}"
EndProject
Project("{2150E333-8FDC-42A3-9474-1A3956D46DE8}") = "encode", "encode", "{B5C41937-550F-40D1-A622-C5C72A6C0D65}"
EndProject
Project("{8BC9CEB8-8B4A-11D0-8D11-00A0C91BC942}") = "sh-file-dealer", "shipper\encode\sh-file-dealer\sh-file-dealer.vcxproj", "{1D77C14E-E4F8-43E8-9CE9-BCE3011D2BFA}"
EndProject
Project("{8BC9CEB8-8B4A-11D0-8D11-00A0C91BC942}") = "sh-video-generator", "shipper\encode\sh-video-generator\sh-video-generator.vcxproj", "{5666AAE0-0223-4B10-BDC3-1232329B73EA}"
	ProjectSection(ProjectDependencies) = postProject
		{25D5A83B-B804-4DB0-BB39-F35900980DAC} = {25D5A83B-B804-4DB0-BB39-F35900980DAC}
		{1D77C14E-E4F8-43E8-9CE9-BCE3011D2BFA} = {1D77C14E-E4F8-43E8-9CE9-BCE3011D2BFA}
		{8F81A1B8-30EC-4F17-B656-2F10CBDD4AFD} = {8F81A1B8-30EC-4F17-B656-2F10CBDD4AFD}
	EndProjectSection
EndProject
Project("{8BC9CEB8-8B4A-11D0-8D11-00A0C91BC942}") = "sh-encode", "shipper\encode\sh-encode\sh-encode.vcxproj", "{5897E34D-7E91-4400-B97F-A1E611AD88B6}"
	ProjectSection(ProjectDependencies) = postProject
		{5666AAE0-0223-4B10-BDC3-1232329B73EA} = {5666AAE0-0223-4B10-BDC3-1232329B73EA}
	EndProjectSection
EndProject
Project("{2150E333-8FDC-42A3-9474-1A3956D46DE8}") = "decode", "decode", "{67257AB1-0A41-486C-9E4D-4F5CBFD67BC7}"
EndProject
Project("{8BC9CEB8-8B4A-11D0-8D11-00A0C91BC942}") = "sh-video-dealer", "shipper\decode\sh-video-dealer\sh-video-dealer.vcxproj", "{D8BB516F-2EC7-4C09-AB9B-2AD27DA597DF}"
	ProjectSection(ProjectDependencies) = postProject
		{5B86BD25-39BC-496B-A6BC-4351C9B789B1} = {5B86BD25-39BC-496B-A6BC-4351C9B789B1}
		{25D5A83B-B804-4DB0-BB39-F35900980DAC} = {25D5A83B-B804-4DB0-BB39-F35900980DAC}
		{1D77C14E-E4F8-43E8-9CE9-BCE3011D2BFA} = {1D77C14E-E4F8-43E8-9CE9-BCE3011D2BFA}
	EndProjectSection
EndProject
Project("{8BC9CEB8-8B4A-11D0-8D11-00A0C91BC942}") = "sh-decode", "shipper\decode\sh-decode\sh-decode.vcxproj", "{F9D92147-2BCE-4DA5-9634-67B3E79A10B5}"
	ProjectSection(ProjectDependencies) = postProject
		{1D77C14E-E4F8-43E8-9CE9-BCE3011D2BFA} = {1D77C14E-E4F8-43E8-9CE9-BCE3011D2BFA}
		{D8BB516F-2EC7-4C09-AB9B-2AD27DA597DF} = {D8BB516F-2EC7-4C09-AB9B-2AD27DA597DF}
	EndProjectSection
EndProject
Project("{2150E333-8FDC-42A3-9474-1A3956D46DE8}") = "shipper-gui", "shipper-gui", "{FDF8CECB-5DBA-4CDE-B70E-E5159735E052}"
EndProject
Project("{FAE04EC0-301F-11D3-BF4B-00C04F79EFBC}") = "shipper-gui", "shipper-gui\shipper-gui.csproj", "{C650EC81-65B3-4E97-B3EF-E9EA1EFADB9D}"
	ProjectSection(ProjectDependencies) = postProject
		{5B86BD25-39BC-496B-A6BC-4351C9B789B1} = {5B86BD25-39BC-496B-A6BC-4351C9B789B1}
		{25D5A83B-B804-4DB0-BB39-F35900980DAC} = {25D5A83B-B804-4DB0-BB39-F35900980DAC}
		{F9D92147-2BCE-4DA5-9634-67B3E79A10B5} = {F9D92147-2BCE-4DA5-9634-67B3E79A10B5}
		{5897E34D-7E91-4400-B97F-A1E611AD88B6} = {5897E34D-7E91-4400-B97F-A1E611AD88B6}
		{1D77C14E-E4F8-43E8-9CE9-BCE3011D2BFA} = {1D77C14E-E4F8-43E8-9CE9-BCE3011D2BFA}
		{D8BB516F-2EC7-4C09-AB9B-2AD27DA597DF} = {D8BB516F-2EC7-4C09-AB9B-2AD27DA597DF}
		{8F81A1B8-30EC-4F17-B656-2F10CBDD4AFD} = {8F81A1B8-30EC-4F17-B656-2F10CBDD4AFD}
		{5666AAE0-0223-4B10-BDC3-1232329B73EA} = {5666AAE0-0223-4B10-BDC3-1232329B73EA}
	EndProjectSection
EndProject
Global
	GlobalSection(SolutionConfigurationPlatforms) = preSolution
		Release|Any CPU = Release|Any CPU
		Release|x64 = Release|x64
	EndGlobalSection
	GlobalSection(ProjectConfigurationPlatforms) = postSolution
		{5B86BD25-39BC-496B-A6BC-4351C9B789B1}.Release|Any CPU.ActiveCfg = Release|x64
		{5B86BD25-39BC-496B-A6BC-4351C9B789B1}.Release|x64.ActiveCfg = Release|x64
		{5B86BD25-39BC-496B-A6BC-4351C9B789B1}.Release|x64.Build.0 = Release|x64
		{25D5A83B-B804-4DB0-BB39-F35900980DAC}.Release|Any CPU.ActiveCfg = Release|x64
		{25D5A83B-B804-4DB0-BB39-F35900980DAC}.Release|x64.ActiveCfg = Release|x64
		{25D5A83B-B804-4DB0-BB39-F35900980DAC}.Release|x64.Build.0 = Release|x64
		{8F81A1B8-30EC-4F17-B656-2F10CBDD4AFD}.Release|Any CPU.ActiveCfg = Release|x64
		{8F81A1B8-30EC-4F17-B656-2F10CBDD4AFD}.Release|x64.ActiveCfg = Release|x64
		{8F81A1B8-30EC-4F17-B656-2F10CBDD4AFD}.Release|x64.Build.0 = Release|x64
		{1D77C14E-E4F8-43E8-9CE9-BCE3011D2BFA}.Release|Any CPU.ActiveCfg = Release|x64
		{1D77C14E-E4F8-43E8-9CE9-BCE3011D2BFA}.Release|x64.ActiveCfg = Release|x64
		{1D77C14E-E4F8-43E8-9CE9-BCE3011D2BFA}.Release|x64.Build.0 = Release|x64
		{5666AAE0-0223-4B10-BDC3-1232329B73EA}.Release|Any CPU.ActiveCfg = Release|x64
		{5666AAE0-0223-4B10-BDC3-1232329B73EA}.Release|x64.ActiveCfg = Release|x64
		{5666AAE0-0223-4B10-BDC3-1232329B73EA}.Release|x64.Build.0 = Release|x64
		{5897E34D-7E91-4400-B97F-A1E611AD88B6}.Release|Any CPU.ActiveCfg = Release|x64
		{5897E34D-7E91-4400-B97F-A1E611AD88B6}.Release|x64.ActiveCfg = Release|x64
		{5897E34D-7E91-4400-B97F-A1E611AD88B6}.Release|x64.Build.0 = Release|x64
		{D8BB516F-2EC7-4C09-AB9B-2AD27DA597DF}.Release|Any CPU.ActiveCfg = Release|x64
		{D8BB516F-2EC7-4C09-AB9B-2AD27DA597DF}.Release|x64.ActiveCfg = Release|x64
		{D8BB516F-2EC7-4C09-AB9B-2AD27DA597DF}.Release|x64.Build.0 = Release|x64
		{F9D92147-2BCE-4DA5-9634-67B3E79A10B5}.Release|Any CPU.ActiveCfg = Release|x64
		{F9D92147-2BCE-4DA5-9634-67B3E79A10B5}.Release|x64.ActiveCfg = Release|x64
		{F9D92147-2BCE-4DA5-9634-67B3E79A10B5}.Release|x64.Build.0 = Release|x64
		{C650EC81-65B3-4E97-B3EF-E9EA1EFADB9D}.Release|Any CPU.ActiveCfg = Release|Any CPU
		{C650EC81-65B3-4E97-B3EF-E9EA1EFADB9D}.Release|Any CPU.Build.0 = Release|Any CPU
		{C650EC81-65B3-4E97-B3EF-E9EA1EFADB9D}.Release|x64.ActiveCfg = Release|Any CPU
		{C650EC81-65B3-4E97-B3EF-E9EA1EFADB9D}.Release|x64.Build.0 = Release|Any CPU
	EndGlobalSection
	GlobalSection(SolutionProperties) = preSolution
		HideSolutionNode = FALSE
	EndGlobalSection
	GlobalSection(NestedProjects) = preSolution
		{5B86BD25-39BC-496B-A6BC-4351C9B789B1} = {C2DE9FF1-0ADB-4960-9CA3-5CF8A323DAE8}
		{25D5A83B-B804-4DB0-BB39-F35900980DAC} = {C2DE9FF1-0ADB-4960-9CA3-5CF8A323DAE8}
		{8F81A1B8-30EC-4F17-B656-2F10CBDD4AFD} = {C2DE9FF1-0ADB-4960-9CA3-5CF8A323DAE8}
		{B5C41937-550F-40D1-A622-C5C72A6C0D65} = {D7F1C48C-7FE5-4FFE-8914-AACB6D38F268}
		{1D77C14E-E4F8-43E8-9CE9-BCE3011D2BFA} = {B5C41937-550F-40D1-A622-C5C72A6C0D65}
		{5666AAE0-0223-4B10-BDC3-1232329B73EA} = {B5C41937-550F-40D1-A622-C5C72A6C0D65}
		{5897E34D-7E91-4400-B97F-A1E611AD88B6} = {B5C41937-550F-40D1-A622-C5C72A6C0D65}
		{67257AB1-0A41-486C-9E4D-4F5CBFD67BC7} = {D7F1C48C-7FE5-4FFE-8914-AACB6D38F268}
		{D8BB516F-2EC7-4C09-AB9B-2AD27DA597DF} = {67257AB1-0A41-486C-9E4D-4F5CBFD67BC7}
		{F9D92147-2BCE-4DA5-9634-67B3E79A10B5} = {67257AB1-0A41-486C-9E4D-4F5CBFD67BC7}
		{C650EC81-65B3-4E97-B3EF-E9EA1EFADB9D} = {FDF8CECB-5DBA-4CDE-B70E-E5159735E052}
	EndGlobalSection
EndGlobal
